# This file was autogenerated by Stack.
# You should not edit this file by hand.
# For more information, please see the documentation at:
#   https://docs.haskellstack.org/en/stable/lock_files

packages:
- completed:
    hackage: simplex-method-0.2.0.0@sha256:ccfc12e88789d4e11935061d743b757ff7f6424c2f8f39ec8194cfe7a9af7bce,2398
    pantry-tree:
      sha256: f9ef02246ebda808ffcedcecc3ac77a992e5cef99c41a218f65e824f5672b51a
      size: 614
  original:
    hackage: simplex-method-0.2.0.0@sha256:ccfc12e88789d4e11935061d743b757ff7f6424c2f8f39ec8194cfe7a9af7bce,2398
snapshots:
- completed:
    sha256: 4a0e5e187fbef423f9c60072bfb1dd56f2a01a07a2667eb1469bd79073cfceaf
    size: 713340
    url: https://raw.githubusercontent.com/commercialhaskell/stackage-snapshots/master/lts/22/20.yaml
  original: lts-22.20
